
Microsoft Visual Studio Solution File, Format Version 12.00
# Visual Studio 15
VisualStudioVersion = 15.0.28010.2046
MinimumVisualStudioVersion = 10.0.40219.1
Project("{FAE04EC0-301F-11D3-BF4B-00C04F79EFBC}") = "PollyTest", "PollyTest\PollyTest.csproj", "{9E29760F-B66F-4AFF-A944-DA2D1FC7F66A}"
EndProject
Global
	GlobalSection(SolutionConfigurationPlatforms) = preSolution
		Debug|Any CPU = Debug|Any CPU
		Release|Any CPU = Release|Any CPU
	EndGlobalSection
	GlobalSection(ProjectConfigurationPlatforms) = postSolution
		{9E29760F-B66F-4AFF-A944-DA2D1FC7F66A}.Debug|Any CPU.ActiveCfg = Debug|Any CPU
		{9E29760F-B66F-4AFF-A944-DA2D1FC7F66A}.Debug|Any CPU.Build.0 = Debug|Any CPU
		{9E29760F-B66F-4AFF-A944-DA2D1FC7F66A}.Release|Any CPU.ActiveCfg = Release|Any CPU
		{9E29760F-B66F-4AFF-A944-DA2D1FC7F66A}.Release|Any CPU.Build.0 = Release|Any CPU
	EndGlobalSection
	GlobalSection(SolutionProperties) = preSolution
		HideSolutionNode = FALSE
	EndGlobalSection
	GlobalSection(ExtensibilityGlobals) = postSolution
		SolutionGuid = {15A0EA9B-EF99-4680-AFFE-BE3193EAFB23}
	EndGlobalSection
EndGlobal
